
Microsoft Visual Studio Solution File, Format Version 12.00
# Visual Studio Version 17
VisualStudioVersion = 17.14.36401.2
MinimumVisualStudioVersion = 10.0.40219.1
Project("{2150E333-8FDC-42A3-9474-1A3956D46DE8}") = "src", "src", "{02EA681E-C7D8-13C7-8484-4AC65E1B71E8}"
EndProject
Project("{2150E333-8FDC-42A3-9474-1A3956D46DE8}") = "1. Application Business Rules", "1. Application Business Rules", "{82ADDB1B-35CC-4232-A36E-86454E26710E}"
EndProject
Project("{2150E333-8FDC-42A3-9474-1A3956D46DE8}") = "2. Interface Adapters", "2. Interface Adapters", "{B3773D9A-3E30-4026-874E-FDCB246C3C30}"
EndProject
Project("{2150E333-8FDC-42A3-9474-1A3956D46DE8}") = "3. Framework & Drivers", "3. Framework & Drivers", "{7A342F26-129C-4AAE-9F55-18CBE81F12CB}"
EndProject
Project("{2150E333-8FDC-42A3-9474-1A3956D46DE8}") = "cross", "cross", "{94367423-DC2B-44E5-9F80-22A70F5EE234}"
EndProject
Project("{FAE04EC0-301F-11D3-BF4B-00C04F79EFBC}") = "BookManager.BusinessObjects", "BookManager.BusinessObjects\BookManager.BusinessObjects.csproj", "{D3A0ED24-1A42-40BA-B38A-14ECB3DDEA60}"
EndProject
Project("{FAE04EC0-301F-11D3-BF4B-00C04F79EFBC}") = "BookManager.UseCases", "BookManager.UseCases\BookManager.UseCases.csproj", "{AC2B2C94-C39A-47A3-A934-7BDDC6CC85B5}"
EndProject
Project("{FAE04EC0-301F-11D3-BF4B-00C04F79EFBC}") = "BookManager.Validators", "BookManager.Validators\BookManager.Validators.csproj", "{3C79F654-0F8C-4D20-AE11-66BDD8FEFA42}"
EndProject
Project("{2150E333-8FDC-42A3-9474-1A3956D46DE8}") = "Controllers", "Controllers", "{50EEB28A-5AC3-4C51-A7BD-3DD58B4855F0}"
EndProject
Project("{2150E333-8FDC-42A3-9474-1A3956D46DE8}") = "Gateways", "Gateways", "{BA5DA634-818F-401F-82B8-68A2B218E7C9}"
EndProject
Project("{2150E333-8FDC-42A3-9474-1A3956D46DE8}") = "Presenters", "Presenters", "{F47B38CD-E036-4F45-8F07-CD35F246B5B2}"
EndProject
Project("{2150E333-8FDC-42A3-9474-1A3956D46DE8}") = "1. Enterprise Business Rules", "1. Enterprise Business Rules", "{9D59598D-7F39-4C86-AA6F-92391C63E17D}"
EndProject
Project("{FAE04EC0-301F-11D3-BF4B-00C04F79EFBC}") = "BookManager.Cross.Entities", "BookManager.Cross.Entities\BookManager.Cross.Entities.csproj", "{54E122C0-619A-44D1-9F0F-861ABFBE735F}"
EndProject
Project("{2150E333-8FDC-42A3-9474-1A3956D46DE8}") = "2. Interfaces Adapters", "2. Interfaces Adapters", "{780E4FD6-7A8F-4C20-A29C-6C5D9A1034EA}"
EndProject
Project("{2150E333-8FDC-42A3-9474-1A3956D46DE8}") = "Presenters", "Presenters", "{21288362-617D-49D7-BE57-F688EACDEB4A}"
EndProject
Project("{FAE04EC0-301F-11D3-BF4B-00C04F79EFBC}") = "BookManager.Cross.ExceptionHandlers", "BookManager.Cross.ExceptionHandlers\BookManager.Cross.ExceptionHandlers.csproj", "{E0BAE9A1-9C66-4F48-8B74-8CB662976B34}"
EndProject
Project("{FAE04EC0-301F-11D3-BF4B-00C04F79EFBC}") = "BookManager.Presenters", "BookManager.Presenters\BookManager.Presenters.csproj", "{55BD92C0-D825-41EF-ABD5-0A017DD5C069}"
EndProject
Project("{FAE04EC0-301F-11D3-BF4B-00C04F79EFBC}") = "BookManager.Controllers", "BookManager.Controllers\BookManager.Controllers.csproj", "{985E4024-5BBC-48B4-9223-AF85015677C7}"
EndProject
Project("{2150E333-8FDC-42A3-9474-1A3956D46DE8}") = "Repositories", "Repositories", "{850DD468-B1EA-400E-990B-AF7AEFD67E05}"
EndProject
Project("{FAE04EC0-301F-11D3-BF4B-00C04F79EFBC}") = "BookManager.Repositories.EFCore", "BookManager.Repositories.EFCore\BookManager.Repositories.EFCore.csproj", "{317CA123-444B-4C41-8457-017D14B2ED8E}"
EndProject
Project("{2150E333-8FDC-42A3-9474-1A3956D46DE8}") = "UI", "UI", "{99F02696-54E7-4FDB-8E8A-706A8EC3FE84}"
EndProject
Project("{FAE04EC0-301F-11D3-BF4B-00C04F79EFBC}") = "BookManager.Api", "BookManager.Api\BookManager.Api.csproj", "{BAD553FC-9EAC-4D08-97EF-30DF049105C0}"
EndProject
Project("{2150E333-8FDC-42A3-9474-1A3956D46DE8}") = "ExternalServices", "ExternalServices", "{1F0013E6-F863-48D7-9C05-03DBF5B0FDFB}"
EndProject
Project("{FAE04EC0-301F-11D3-BF4B-00C04F79EFBC}") = "BookManager.ExternalServices", "BookManager.ExternalServices\BookManager.ExternalServices.csproj", "{191A24EE-F7C5-4242-A1D1-49A223BF05EB}"
EndProject
Project("{FAE04EC0-301F-11D3-BF4B-00C04F79EFBC}") = "BookManager.IoC", "BookManager.IoC\BookManager.IoC.csproj", "{D6892EBB-A139-4370-950A-9D586DFDD418}"
EndProject
Global
	GlobalSection(SolutionConfigurationPlatforms) = preSolution
		Debug|Any CPU = Debug|Any CPU
		Release|Any CPU = Release|Any CPU
	EndGlobalSection
	GlobalSection(ProjectConfigurationPlatforms) = postSolution
		{D3A0ED24-1A42-40BA-B38A-14ECB3DDEA60}.Debug|Any CPU.ActiveCfg = Debug|Any CPU
		{D3A0ED24-1A42-40BA-B38A-14ECB3DDEA60}.Debug|Any CPU.Build.0 = Debug|Any CPU
		{D3A0ED24-1A42-40BA-B38A-14ECB3DDEA60}.Release|Any CPU.ActiveCfg = Release|Any CPU
		{D3A0ED24-1A42-40BA-B38A-14ECB3DDEA60}.Release|Any CPU.Build.0 = Release|Any CPU
		{AC2B2C94-C39A-47A3-A934-7BDDC6CC85B5}.Debug|Any CPU.ActiveCfg = Debug|Any CPU
		{AC2B2C94-C39A-47A3-A934-7BDDC6CC85B5}.Debug|Any CPU.Build.0 = Debug|Any CPU
		{AC2B2C94-C39A-47A3-A934-7BDDC6CC85B5}.Release|Any CPU.ActiveCfg = Release|Any CPU
		{AC2B2C94-C39A-47A3-A934-7BDDC6CC85B5}.Release|Any CPU.Build.0 = Release|Any CPU
		{3C79F654-0F8C-4D20-AE11-66BDD8FEFA42}.Debug|Any CPU.ActiveCfg = Debug|Any CPU
		{3C79F654-0F8C-4D20-AE11-66BDD8FEFA42}.Debug|Any CPU.Build.0 = Debug|Any CPU
		{3C79F654-0F8C-4D20-AE11-66BDD8FEFA42}.Release|Any CPU.ActiveCfg = Release|Any CPU
		{3C79F654-0F8C-4D20-AE11-66BDD8FEFA42}.Release|Any CPU.Build.0 = Release|Any CPU
		{54E122C0-619A-44D1-9F0F-861ABFBE735F}.Debug|Any CPU.ActiveCfg = Debug|Any CPU
		{54E122C0-619A-44D1-9F0F-861ABFBE735F}.Debug|Any CPU.Build.0 = Debug|Any CPU
		{54E122C0-619A-44D1-9F0F-861ABFBE735F}.Release|Any CPU.ActiveCfg = Release|Any CPU
		{54E122C0-619A-44D1-9F0F-861ABFBE735F}.Release|Any CPU.Build.0 = Release|Any CPU
		{E0BAE9A1-9C66-4F48-8B74-8CB662976B34}.Debug|Any CPU.ActiveCfg = Debug|Any CPU
		{E0BAE9A1-9C66-4F48-8B74-8CB662976B34}.Debug|Any CPU.Build.0 = Debug|Any CPU
		{E0BAE9A1-9C66-4F48-8B74-8CB662976B34}.Release|Any CPU.ActiveCfg = Release|Any CPU
		{E0BAE9A1-9C66-4F48-8B74-8CB662976B34}.Release|Any CPU.Build.0 = Release|Any CPU
		{55BD92C0-D825-41EF-ABD5-0A017DD5C069}.Debug|Any CPU.ActiveCfg = Debug|Any CPU
		{55BD92C0-D825-41EF-ABD5-0A017DD5C069}.Debug|Any CPU.Build.0 = Debug|Any CPU
		{55BD92C0-D825-41EF-ABD5-0A017DD5C069}.Release|Any CPU.ActiveCfg = Release|Any CPU
		{55BD92C0-D825-41EF-ABD5-0A017DD5C069}.Release|Any CPU.Build.0 = Release|Any CPU
		{985E4024-5BBC-48B4-9223-AF85015677C7}.Debug|Any CPU.ActiveCfg = Debug|Any CPU
		{985E4024-5BBC-48B4-9223-AF85015677C7}.Debug|Any CPU.Build.0 = Debug|Any CPU
		{985E4024-5BBC-48B4-9223-AF85015677C7}.Release|Any CPU.ActiveCfg = Release|Any CPU
		{985E4024-5BBC-48B4-9223-AF85015677C7}.Release|Any CPU.Build.0 = Release|Any CPU
		{317CA123-444B-4C41-8457-017D14B2ED8E}.Debug|Any CPU.ActiveCfg = Debug|Any CPU
		{317CA123-444B-4C41-8457-017D14B2ED8E}.Debug|Any CPU.Build.0 = Debug|Any CPU
		{317CA123-444B-4C41-8457-017D14B2ED8E}.Release|Any CPU.ActiveCfg = Release|Any CPU
		{317CA123-444B-4C41-8457-017D14B2ED8E}.Release|Any CPU.Build.0 = Release|Any CPU
		{BAD553FC-9EAC-4D08-97EF-30DF049105C0}.Debug|Any CPU.ActiveCfg = Debug|Any CPU
		{BAD553FC-9EAC-4D08-97EF-30DF049105C0}.Debug|Any CPU.Build.0 = Debug|Any CPU
		{BAD553FC-9EAC-4D08-97EF-30DF049105C0}.Release|Any CPU.ActiveCfg = Release|Any CPU
		{BAD553FC-9EAC-4D08-97EF-30DF049105C0}.Release|Any CPU.Build.0 = Release|Any CPU
		{191A24EE-F7C5-4242-A1D1-49A223BF05EB}.Debug|Any CPU.ActiveCfg = Debug|Any CPU
		{191A24EE-F7C5-4242-A1D1-49A223BF05EB}.Debug|Any CPU.Build.0 = Debug|Any CPU
		{191A24EE-F7C5-4242-A1D1-49A223BF05EB}.Release|Any CPU.ActiveCfg = Release|Any CPU
		{191A24EE-F7C5-4242-A1D1-49A223BF05EB}.Release|Any CPU.Build.0 = Release|Any CPU
		{D6892EBB-A139-4370-950A-9D586DFDD418}.Debug|Any CPU.ActiveCfg = Debug|Any CPU
		{D6892EBB-A139-4370-950A-9D586DFDD418}.Debug|Any CPU.Build.0 = Debug|Any CPU
		{D6892EBB-A139-4370-950A-9D586DFDD418}.Release|Any CPU.ActiveCfg = Release|Any CPU
		{D6892EBB-A139-4370-950A-9D586DFDD418}.Release|Any CPU.Build.0 = Release|Any CPU
	EndGlobalSection
	GlobalSection(SolutionProperties) = preSolution
		HideSolutionNode = FALSE
	EndGlobalSection
	GlobalSection(NestedProjects) = preSolution
		{82ADDB1B-35CC-4232-A36E-86454E26710E} = {02EA681E-C7D8-13C7-8484-4AC65E1B71E8}
		{B3773D9A-3E30-4026-874E-FDCB246C3C30} = {02EA681E-C7D8-13C7-8484-4AC65E1B71E8}
		{7A342F26-129C-4AAE-9F55-18CBE81F12CB} = {02EA681E-C7D8-13C7-8484-4AC65E1B71E8}
		{D3A0ED24-1A42-40BA-B38A-14ECB3DDEA60} = {82ADDB1B-35CC-4232-A36E-86454E26710E}
		{AC2B2C94-C39A-47A3-A934-7BDDC6CC85B5} = {82ADDB1B-35CC-4232-A36E-86454E26710E}
		{3C79F654-0F8C-4D20-AE11-66BDD8FEFA42} = {82ADDB1B-35CC-4232-A36E-86454E26710E}
		{50EEB28A-5AC3-4C51-A7BD-3DD58B4855F0} = {B3773D9A-3E30-4026-874E-FDCB246C3C30}
		{BA5DA634-818F-401F-82B8-68A2B218E7C9} = {B3773D9A-3E30-4026-874E-FDCB246C3C30}
		{F47B38CD-E036-4F45-8F07-CD35F246B5B2} = {B3773D9A-3E30-4026-874E-FDCB246C3C30}
		{9D59598D-7F39-4C86-AA6F-92391C63E17D} = {94367423-DC2B-44E5-9F80-22A70F5EE234}
		{54E122C0-619A-44D1-9F0F-861ABFBE735F} = {9D59598D-7F39-4C86-AA6F-92391C63E17D}
		{780E4FD6-7A8F-4C20-A29C-6C5D9A1034EA} = {94367423-DC2B-44E5-9F80-22A70F5EE234}
		{21288362-617D-49D7-BE57-F688EACDEB4A} = {780E4FD6-7A8F-4C20-A29C-6C5D9A1034EA}
		{E0BAE9A1-9C66-4F48-8B74-8CB662976B34} = {21288362-617D-49D7-BE57-F688EACDEB4A}
		{55BD92C0-D825-41EF-ABD5-0A017DD5C069} = {F47B38CD-E036-4F45-8F07-CD35F246B5B2}
		{985E4024-5BBC-48B4-9223-AF85015677C7} = {50EEB28A-5AC3-4C51-A7BD-3DD58B4855F0}
		{850DD468-B1EA-400E-990B-AF7AEFD67E05} = {BA5DA634-818F-401F-82B8-68A2B218E7C9}
		{317CA123-444B-4C41-8457-017D14B2ED8E} = {850DD468-B1EA-400E-990B-AF7AEFD67E05}
		{99F02696-54E7-4FDB-8E8A-706A8EC3FE84} = {7A342F26-129C-4AAE-9F55-18CBE81F12CB}
		{BAD553FC-9EAC-4D08-97EF-30DF049105C0} = {99F02696-54E7-4FDB-8E8A-706A8EC3FE84}
		{1F0013E6-F863-48D7-9C05-03DBF5B0FDFB} = {BA5DA634-818F-401F-82B8-68A2B218E7C9}
		{191A24EE-F7C5-4242-A1D1-49A223BF05EB} = {1F0013E6-F863-48D7-9C05-03DBF5B0FDFB}
		{D6892EBB-A139-4370-950A-9D586DFDD418} = {B3773D9A-3E30-4026-874E-FDCB246C3C30}
	EndGlobalSection
	GlobalSection(ExtensibilityGlobals) = postSolution
		SolutionGuid = {959983C9-1E84-4D9E-961E-8C443EC198B8}
	EndGlobalSection
EndGlobal
